
Microsoft Visual Studio Solution File, Format Version 12.00
# Visual Studio Version 16
VisualStudioVersion = 16.0.29025.244
MinimumVisualStudioVersion = 10.0.40219.1
Project("{9A19103F-16F7-4668-BE54-9A1E7A4F7556}") = "DevOps-Example", "DevOps-Example\DevOps-Example.csproj", "{A2518DDC-7C87-4738-A386-80DF7F50C886}"
EndProject
Project("{9A19103F-16F7-4668-BE54-9A1E7A4F7556}") = "DevOps.Repository", "DevOps.Repository\DevOps.Repository.csproj", "{CE5771CD-EFE3-4701-91D6-72D1169D606B}"
EndProject
Project("{9A19103F-16F7-4668-BE54-9A1E7A4F7556}") = "DevOps.Domain", "DevOps.Domain\DevOps.Domain.csproj", "{FD598169-A11B-49E6-BA85-BBD226746A7B}"
EndProject
Project("{2150E333-8FDC-42A3-9474-1A3956D46DE8}") = "Tests", "Tests", "{87A2114A-4688-4DDA-9074-E39C9EB733DB}"
EndProject
Project("{FAE04EC0-301F-11D3-BF4B-00C04F79EFBC}") = "DevOps.Tests", "DevOps.Tests\DevOps.Tests.csproj", "{DE823BD3-214D-4B61-989D-2355E38668EB}"
EndProject
Global
	GlobalSection(SolutionConfigurationPlatforms) = preSolution
		Debug|Any CPU = Debug|Any CPU
		Release|Any CPU = Release|Any CPU
	EndGlobalSection
	GlobalSection(ProjectConfigurationPlatforms) = postSolution
		{A2518DDC-7C87-4738-A386-80DF7F50C886}.Debug|Any CPU.ActiveCfg = Debug|Any CPU
		{A2518DDC-7C87-4738-A386-80DF7F50C886}.Debug|Any CPU.Build.0 = Debug|Any CPU
		{A2518DDC-7C87-4738-A386-80DF7F50C886}.Release|Any CPU.ActiveCfg = Release|Any CPU
		{A2518DDC-7C87-4738-A386-80DF7F50C886}.Release|Any CPU.Build.0 = Release|Any CPU
		{CE5771CD-EFE3-4701-91D6-72D1169D606B}.Debug|Any CPU.ActiveCfg = Debug|Any CPU
		{CE5771CD-EFE3-4701-91D6-72D1169D606B}.Debug|Any CPU.Build.0 = Debug|Any CPU
		{CE5771CD-EFE3-4701-91D6-72D1169D606B}.Release|Any CPU.ActiveCfg = Release|Any CPU
		{CE5771CD-EFE3-4701-91D6-72D1169D606B}.Release|Any CPU.Build.0 = Release|Any CPU
		{FD598169-A11B-49E6-BA85-BBD226746A7B}.Debug|Any CPU.ActiveCfg = Debug|Any CPU
		{FD598169-A11B-49E6-BA85-BBD226746A7B}.Debug|Any CPU.Build.0 = Debug|Any CPU
		{FD598169-A11B-49E6-BA85-BBD226746A7B}.Release|Any CPU.ActiveCfg = Release|Any CPU
		{FD598169-A11B-49E6-BA85-BBD226746A7B}.Release|Any CPU.Build.0 = Release|Any CPU
		{DE823BD3-214D-4B61-989D-2355E38668EB}.Debug|Any CPU.ActiveCfg = Debug|Any CPU
		{DE823BD3-214D-4B61-989D-2355E38668EB}.Debug|Any CPU.Build.0 = Debug|Any CPU
		{DE823BD3-214D-4B61-989D-2355E38668EB}.Release|Any CPU.ActiveCfg = Release|Any CPU
		{DE823BD3-214D-4B61-989D-2355E38668EB}.Release|Any CPU.Build.0 = Release|Any CPU
	EndGlobalSection
	GlobalSection(SolutionProperties) = preSolution
		HideSolutionNode = FALSE
	EndGlobalSection
	GlobalSection(NestedProjects) = preSolution
		{DE823BD3-214D-4B61-989D-2355E38668EB} = {87A2114A-4688-4DDA-9074-E39C9EB733DB}
	EndGlobalSection
	GlobalSection(ExtensibilityGlobals) = postSolution
		SolutionGuid = {FA2B800F-7553-4302-B6A7-665AAFC217C2}
	EndGlobalSection
EndGlobal
