
Microsoft Visual Studio Solution File, Format Version 12.00
# Visual Studio Version 16
VisualStudioVersion = 16.0.29025.244
MinimumVisualStudioVersion = 10.0.40219.1
Project("{FAE04EC0-301F-11D3-BF4B-00C04F79EFBC}") = "DevOps-Example", "DevOps-Example\DevOps-Example.csproj", "{A2518DDC-7C87-4738-A386-80DF7F50C886}"
EndProject
Project("{FAE04EC0-301F-11D3-BF4B-00C04F79EFBC}") = "DevOps.Repository", "DevOps.Repository\DevOps.Repository.csproj", "{CE5771CD-EFE3-4701-91D6-72D1169D606B}"
EndProject
Project("{FAE04EC0-301F-11D3-BF4B-00C04F79EFBC}") = "DevOps.Domain", "DevOps.Domain\DevOps.Domain.csproj", "{FD598169-A11B-49E6-BA85-BBD226746A7B}"
EndProject
Global
	GlobalSection(SolutionConfigurationPlatforms) = preSolution
		Debug|Any CPU = Debug|Any CPU
		Release|Any CPU = Release|Any CPU
	EndGlobalSection
	GlobalSection(ProjectConfigurationPlatforms) = postSolution
		{A2518DDC-7C87-4738-A386-80DF7F50C886}.Debug|Any CPU.ActiveCfg = Debug|Any CPU
		{A2518DDC-7C87-4738-A386-80DF7F50C886}.Debug|Any CPU.Build.0 = Debug|Any CPU
		{A2518DDC-7C87-4738-A386-80DF7F50C886}.Release|Any CPU.ActiveCfg = Release|Any CPU
		{A2518DDC-7C87-4738-A386-80DF7F50C886}.Release|Any CPU.Build.0 = Release|Any CPU
		{CE5771CD-EFE3-4701-91D6-72D1169D606B}.Debug|Any CPU.ActiveCfg = Debug|Any CPU
		{CE5771CD-EFE3-4701-91D6-72D1169D606B}.Debug|Any CPU.Build.0 = Debug|Any CPU
		{CE5771CD-EFE3-4701-91D6-72D1169D606B}.Release|Any CPU.ActiveCfg = Release|Any CPU
		{CE5771CD-EFE3-4701-91D6-72D1169D606B}.Release|Any CPU.Build.0 = Release|Any CPU
		{FD598169-A11B-49E6-BA85-BBD226746A7B}.Debug|Any CPU.ActiveCfg = Debug|Any CPU
		{FD598169-A11B-49E6-BA85-BBD226746A7B}.Debug|Any CPU.Build.0 = Debug|Any CPU
		{FD598169-A11B-49E6-BA85-BBD226746A7B}.Release|Any CPU.ActiveCfg = Release|Any CPU
		{FD598169-A11B-49E6-BA85-BBD226746A7B}.Release|Any CPU.Build.0 = Release|Any CPU
	EndGlobalSection
	GlobalSection(SolutionProperties) = preSolution
		HideSolutionNode = FALSE
	EndGlobalSection
	GlobalSection(ExtensibilityGlobals) = postSolution
		SolutionGuid = {FA2B800F-7553-4302-B6A7-665AAFC217C2}
	EndGlobalSection
EndGlobal
